// !$*UTF8*$!
{
	archiveVersion = 1;
	classes = {
	};
	objectVersion = 50;
	objects = {

/* Begin PBXBuildFile section */
		1840693D24684D3B00FC111F /* AppDelegate.swift in Sources */ = {isa = PBXBuildFile; fileRef = 1840693C24684D3B00FC111F /* AppDelegate.swift */; };
		1840693F24684D3B00FC111F /* SceneDelegate.swift in Sources */ = {isa = PBXBuildFile; fileRef = 1840693E24684D3B00FC111F /* SceneDelegate.swift */; };
		1840694124684D3B00FC111F /* ViewController.swift in Sources */ = {isa = PBXBuildFile; fileRef = 1840694024684D3B00FC111F /* ViewController.swift */; };
		1840694424684D3B00FC111F /* Main.storyboard in Resources */ = {isa = PBXBuildFile; fileRef = 1840694224684D3B00FC111F /* Main.storyboard */; };
		1840694624684D3E00FC111F /* Assets.xcassets in Resources */ = {isa = PBXBuildFile; fileRef = 1840694524684D3E00FC111F /* Assets.xcassets */; };
		1840694924684D3E00FC111F /* LaunchScreen.storyboard in Resources */ = {isa = PBXBuildFile; fileRef = 1840694724684D3E00FC111F /* LaunchScreen.storyboard */; };
		1840695424684D3E00FC111F /* OnThaMapTests.swift in Sources */ = {isa = PBXBuildFile; fileRef = 1840695324684D3E00FC111F /* OnThaMapTests.swift */; };
		1840695F24684D3E00FC111F /* OnThaMapUITests.swift in Sources */ = {isa = PBXBuildFile; fileRef = 1840695E24684D3E00FC111F /* OnThaMapUITests.swift */; };
/* End PBXBuildFile section */

/* Begin PBXContainerItemProxy section */
		1840695024684D3E00FC111F /* PBXContainerItemProxy */ = {
			isa = PBXContainerItemProxy;
			containerPortal = 1840693124684D3B00FC111F /* Project object */;
			proxyType = 1;
			remoteGlobalIDString = 1840693824684D3B00FC111F;
			remoteInfo = OnThaMap;
		};
		1840695B24684D3E00FC111F /* PBXContainerItemProxy */ = {
			isa = PBXContainerItemProxy;
			containerPortal = 1840693124684D3B00FC111F /* Project object */;
			proxyType = 1;
			remoteGlobalIDString = 1840693824684D3B00FC111F;
			remoteInfo = OnThaMap;
		};
/* End PBXContainerItemProxy section */

/* Begin PBXFileReference section */
		1840693924684D3B00FC111F /* OnThaMap.app */ = {isa = PBXFileReference; explicitFileType = wrapper.application; includeInIndex = 0; path = OnThaMap.app; sourceTree = BUILT_PRODUCTS_DIR; };
		1840693C24684D3B00FC111F /* AppDelegate.swift */ = {isa = PBXFileReference; lastKnownFileType = sourcecode.swift; path = AppDelegate.swift; sourceTree = "<group>"; };
		1840693E24684D3B00FC111F /* SceneDelegate.swift */ = {isa = PBXFileReference; lastKnownFileType = sourcecode.swift; path = SceneDelegate.swift; sourceTree = "<group>"; };
		1840694024684D3B00FC111F /* ViewController.swift */ = {isa = PBXFileReference; lastKnownFileType = sourcecode.swift; path = ViewController.swift; sourceTree = "<group>"; };
		1840694324684D3B00FC111F /* Base */ = {isa = PBXFileReference; lastKnownFileType = file.storyboard; name = Base; path = Base.lproj/Main.storyboard; sourceTree = "<group>"; };
		1840694524684D3E00FC111F /* Assets.xcassets */ = {isa = PBXFileReference; lastKnownFileType = folder.assetcatalog; path = Assets.xcassets; sourceTree = "<group>"; };
		1840694824684D3E00FC111F /* Base */ = {isa = PBXFileReference; lastKnownFileType = file.storyboard; name = Base; path = Base.lproj/LaunchScreen.storyboard; sourceTree = "<group>"; };
		1840694A24684D3E00FC111F /* Info.plist */ = {isa = PBXFileReference; lastKnownFileType = text.plist.xml; path = Info.plist; sourceTree = "<group>"; };
		1840694F24684D3E00FC111F /* OnThaMapTests.xctest */ = {isa = PBXFileReference; explicitFileType = wrapper.cfbundle; includeInIndex = 0; path = OnThaMapTests.xctest; sourceTree = BUILT_PRODUCTS_DIR; };
		1840695324684D3E00FC111F /* OnThaMapTests.swift */ = {isa = PBXFileReference; lastKnownFileType = sourcecode.swift; path = OnThaMapTests.swift; sourceTree = "<group>"; };
		1840695524684D3E00FC111F /* Info.plist */ = {isa = PBXFileReference; lastKnownFileType = text.plist.xml; path = Info.plist; sourceTree = "<group>"; };
		1840695A24684D3E00FC111F /* OnThaMapUITests.xctest */ = {isa = PBXFileReference; explicitFileType = wrapper.cfbundle; includeInIndex = 0; path = OnThaMapUITests.xctest; sourceTree = BUILT_PRODUCTS_DIR; };
		1840695E24684D3E00FC111F /* OnThaMapUITests.swift */ = {isa = PBXFileReference; lastKnownFileType = sourcecode.swift; path = OnThaMapUITests.swift; sourceTree = "<group>"; };
		1840696024684D3E00FC111F /* Info.plist */ = {isa = PBXFileReference; lastKnownFileType = text.plist.xml; path = Info.plist; sourceTree = "<group>"; };
/* End PBXFileReference section */

/* Begin PBXFrameworksBuildPhase section */
		1840693624684D3B00FC111F /* Frameworks */ = {
			isa = PBXFrameworksBuildPhase;
			buildActionMask = 2147483647;
			files = (
			);
			runOnlyForDeploymentPostprocessing = 0;
		};
		1840694C24684D3E00FC111F /* Frameworks */ = {
			isa = PBXFrameworksBuildPhase;
			buildActionMask = 2147483647;
			files = (
			);
			runOnlyForDeploymentPostprocessing = 0;
		};
		1840695724684D3E00FC111F /* Frameworks */ = {
			isa = PBXFrameworksBuildPhase;
			buildActionMask = 2147483647;
			files = (
			);
			runOnlyForDeploymentPostprocessing = 0;
		};
/* End PBXFrameworksBuildPhase section */

/* Begin PBXGroup section */
		1840693024684D3B00FC111F = {
			isa = PBXGroup;
			children = (
				1840693B24684D3B00FC111F /* OnThaMap */,
				1840695224684D3E00FC111F /* OnThaMapTests */,
				1840695D24684D3E00FC111F /* OnThaMapUITests */,
				1840693A24684D3B00FC111F /* Products */,
			);
			sourceTree = "<group>";
		};
		1840693A24684D3B00FC111F /* Products */ = {
			isa = PBXGroup;
			children = (
				1840693924684D3B00FC111F /* OnThaMap.app */,
				1840694F24684D3E00FC111F /* OnThaMapTests.xctest */,
				1840695A24684D3E00FC111F /* OnThaMapUITests.xctest */,
			);
			name = Products;
			sourceTree = "<group>";
		};
		1840693B24684D3B00FC111F /* OnThaMap */ = {
			isa = PBXGroup;
			children = (
				1840693C24684D3B00FC111F /* AppDelegate.swift */,
				1840693E24684D3B00FC111F /* SceneDelegate.swift */,
				1840694024684D3B00FC111F /* ViewController.swift */,
				1840694224684D3B00FC111F /* Main.storyboard */,
				1840694524684D3E00FC111F /* Assets.xcassets */,
				1840694724684D3E00FC111F /* LaunchScreen.storyboard */,
				1840694A24684D3E00FC111F /* Info.plist */,
			);
			path = OnThaMap;
			sourceTree = "<group>";
		};
		1840695224684D3E00FC111F /* OnThaMapTests */ = {
			isa = PBXGroup;
			children = (
				1840695324684D3E00FC111F /* OnThaMapTests.swift */,
				1840695524684D3E00FC111F /* Info.plist */,
			);
			path = OnThaMapTests;
			sourceTree = "<group>";
		};
		1840695D24684D3E00FC111F /* OnThaMapUITests */ = {
			isa = PBXGroup;
			children = (
				1840695E24684D3E00FC111F /* OnThaMapUITests.swift */,
				1840696024684D3E00FC111F /* Info.plist */,
			);
			path = OnThaMapUITests;
			sourceTree = "<group>";
		};
/* End PBXGroup section */

/* Begin PBXNativeTarget section */
		1840693824684D3B00FC111F /* OnThaMap */ = {
			isa = PBXNativeTarget;
			buildConfigurationList = 1840696324684D3E00FC111F /* Build configuration list for PBXNativeTarget "OnThaMap" */;
			buildPhases = (
				1840693524684D3B00FC111F /* Sources */,
				1840693624684D3B00FC111F /* Frameworks */,
				1840693724684D3B00FC111F /* Resources */,
			);
			buildRules = (
			);
			dependencies = (
			);
			name = OnThaMap;
			productName = OnThaMap;
			productReference = 1840693924684D3B00FC111F /* OnThaMap.app */;
			productType = "com.apple.product-type.application";
		};
		1840694E24684D3E00FC111F /* OnThaMapTests */ = {
			isa = PBXNativeTarget;
			buildConfigurationList = 1840696624684D3E00FC111F /* Build configuration list for PBXNativeTarget "OnThaMapTests" */;
			buildPhases = (
				1840694B24684D3E00FC111F /* Sources */,
				1840694C24684D3E00FC111F /* Frameworks */,
				1840694D24684D3E00FC111F /* Resources */,
			);
			buildRules = (
			);
			dependencies = (
				1840695124684D3E00FC111F /* PBXTargetDependency */,
			);
			name = OnThaMapTests;
			productName = OnThaMapTests;
			productReference = 1840694F24684D3E00FC111F /* OnThaMapTests.xctest */;
			productType = "com.apple.product-type.bundle.unit-test";
		};
		1840695924684D3E00FC111F /* OnThaMapUITests */ = {
			isa = PBXNativeTarget;
			buildConfigurationList = 1840696924684D3E00FC111F /* Build configuration list for PBXNativeTarget "OnThaMapUITests" */;
			buildPhases = (
				1840695624684D3E00FC111F /* Sources */,
				1840695724684D3E00FC111F /* Frameworks */,
				1840695824684D3E00FC111F /* Resources */,
			);
			buildRules = (
			);
			dependencies = (
				1840695C24684D3E00FC111F /* PBXTargetDependency */,
			);
			name = OnThaMapUITests;
			productName = OnThaMapUITests;
			productReference = 1840695A24684D3E00FC111F /* OnThaMapUITests.xctest */;
			productType = "com.apple.product-type.bundle.ui-testing";
		};
/* End PBXNativeTarget section */

/* Begin PBXProject section */
		1840693124684D3B00FC111F /* Project object */ = {
			isa = PBXProject;
			attributes = {
				LastSwiftUpdateCheck = 1130;
				LastUpgradeCheck = 1130;
				ORGANIZATIONNAME = udacity;
				TargetAttributes = {
					1840693824684D3B00FC111F = {
						CreatedOnToolsVersion = 11.3.1;
					};
					1840694E24684D3E00FC111F = {
						CreatedOnToolsVersion = 11.3.1;
						TestTargetID = 1840693824684D3B00FC111F;
					};
					1840695924684D3E00FC111F = {
						CreatedOnToolsVersion = 11.3.1;
						TestTargetID = 1840693824684D3B00FC111F;
					};
				};
			};
			buildConfigurationList = 1840693424684D3B00FC111F /* Build configuration list for PBXProject "OnThaMap" */;
			compatibilityVersion = "Xcode 9.3";
			developmentRegion = en;
			hasScannedForEncodings = 0;
			knownRegions = (
				en,
				Base,
			);
			mainGroup = 1840693024684D3B00FC111F;
			productRefGroup = 1840693A24684D3B00FC111F /* Products */;
			projectDirPath = "";
			projectRoot = "";
			targets = (
				1840693824684D3B00FC111F /* OnThaMap */,
				1840694E24684D3E00FC111F /* OnThaMapTests */,
				1840695924684D3E00FC111F /* OnThaMapUITests */,
			);
		};
/* End PBXProject section */

/* Begin PBXResourcesBuildPhase section */
		1840693724684D3B00FC111F /* Resources */ = {
			isa = PBXResourcesBuildPhase;
			buildActionMask = 2147483647;
			files = (
				1840694924684D3E00FC111F /* LaunchScreen.storyboard in Resources */,
				1840694624684D3E00FC111F /* Assets.xcassets in Resources */,
				1840694424684D3B00FC111F /* Main.storyboard in Resources */,
			);
			runOnlyForDeploymentPostprocessing = 0;
		};
		1840694D24684D3E00FC111F /* Resources */ = {
			isa = PBXResourcesBuildPhase;
			buildActionMask = 2147483647;
			files = (
			);
			runOnlyForDeploymentPostprocessing = 0;
		};
		1840695824684D3E00FC111F /* Resources */ = {
			isa = PBXResourcesBuildPhase;
			buildActionMask = 2147483647;
			files = (
			);
			runOnlyForDeploymentPostprocessing = 0;
		};
/* End PBXResourcesBuildPhase section */

/* Begin PBXSourcesBuildPhase section */
		1840693524684D3B00FC111F /* Sources */ = {
			isa = PBXSourcesBuildPhase;
			buildActionMask = 2147483647;
			files = (
				1840694124684D3B00FC111F /* ViewController.swift in Sources */,
				1840693D24684D3B00FC111F /* AppDelegate.swift in Sources */,
				1840693F24684D3B00FC111F /* SceneDelegate.swift in Sources */,
			);
			runOnlyForDeploymentPostprocessing = 0;
		};
		1840694B24684D3E00FC111F /* Sources */ = {
			isa = PBXSourcesBuildPhase;
			buildActionMask = 2147483647;
			files = (
				1840695424684D3E00FC111F /* OnThaMapTests.swift in Sources */,
			);
			runOnlyForDeploymentPostprocessing = 0;
		};
		1840695624684D3E00FC111F /* Sources */ = {
			isa = PBXSourcesBuildPhase;
			buildActionMask = 2147483647;
			files = (
				1840695F24684D3E00FC111F /* OnThaMapUITests.swift in Sources */,
			);
			runOnlyForDeploymentPostprocessing = 0;
		};
/* End PBXSourcesBuildPhase section */

/* Begin PBXTargetDependency section */
		1840695124684D3E00FC111F /* PBXTargetDependency */ = {
			isa = PBXTargetDependency;
			target = 1840693824684D3B00FC111F /* OnThaMap */;
			targetProxy = 1840695024684D3E00FC111F /* PBXContainerItemProxy */;
		};
		1840695C24684D3E00FC111F /* PBXTargetDependency */ = {
			isa = PBXTargetDependency;
			target = 1840693824684D3B00FC111F /* OnThaMap */;
			targetProxy = 1840695B24684D3E00FC111F /* PBXContainerItemProxy */;
		};
/* End PBXTargetDependency section */

/* Begin PBXVariantGroup section */
		1840694224684D3B00FC111F /* Main.storyboard */ = {
			isa = PBXVariantGroup;
			children = (
				1840694324684D3B00FC111F /* Base */,
			);
			name = Main.storyboard;
			sourceTree = "<group>";
		};
		1840694724684D3E00FC111F /* LaunchScreen.storyboard */ = {
			isa = PBXVariantGroup;
			children = (
				1840694824684D3E00FC111F /* Base */,
			);
			name = LaunchScreen.storyboard;
			sourceTree = "<group>";
		};
/* End PBXVariantGroup section */

/* Begin XCBuildConfiguration section */
		1840696124684D3E00FC111F /* Debug */ = {
			isa = XCBuildConfiguration;
			buildSettings = {
				ALWAYS_SEARCH_USER_PATHS = NO;
				CLANG_ANALYZER_NONNULL = YES;
				CLANG_ANALYZER_NUMBER_OBJECT_CONVERSION = YES_AGGRESSIVE;
				CLANG_CXX_LANGUAGE_STANDARD = "gnu++14";
				CLANG_CXX_LIBRARY = "libc++";
				CLANG_ENABLE_MODULES = YES;
				CLANG_ENABLE_OBJC_ARC = YES;
				CLANG_ENABLE_OBJC_WEAK = YES;
				CLANG_WARN_BLOCK_CAPTURE_AUTORELEASING = YES;
				CLANG_WARN_BOOL_CONVERSION = YES;
				CLANG_WARN_COMMA = YES;
				CLANG_WARN_CONSTANT_CONVERSION = YES;
				CLANG_WARN_DEPRECATED_OBJC_IMPLEMENTATIONS = YES;
				CLANG_WARN_DIRECT_OBJC_ISA_USAGE = YES_ERROR;
				CLANG_WARN_DOCUMENTATION_COMMENTS = YES;
				CLANG_WARN_EMPTY_BODY = YES;
				CLANG_WARN_ENUM_CONVERSION = YES;
				CLANG_WARN_INFINITE_RECURSION = YES;
				CLANG_WARN_INT_CONVERSION = YES;
				CLANG_WARN_NON_LITERAL_NULL_CONVERSION = YES;
				CLANG_WARN_OBJC_IMPLICIT_RETAIN_SELF = YES;
				CLANG_WARN_OBJC_LITERAL_CONVERSION = YES;
				CLANG_WARN_OBJC_ROOT_CLASS = YES_ERROR;
				CLANG_WARN_RANGE_LOOP_ANALYSIS = YES;
				CLANG_WARN_STRICT_PROTOTYPES = YES;
				CLANG_WARN_SUSPICIOUS_MOVE = YES;
				CLANG_WARN_UNGUARDED_AVAILABILITY = YES_AGGRESSIVE;
				CLANG_WARN_UNREACHABLE_CODE = YES;
				CLANG_WARN__DUPLICATE_METHOD_MATCH = YES;
				COPY_PHASE_STRIP = NO;
				DEBUG_INFORMATION_FORMAT = dwarf;
				ENABLE_STRICT_OBJC_MSGSEND = YES;
				ENABLE_TESTABILITY = YES;
				GCC_C_LANGUAGE_STANDARD = gnu11;
				GCC_DYNAMIC_NO_PIC = NO;
				GCC_NO_COMMON_BLOCKS = YES;
				GCC_OPTIMIZATION_LEVEL = 0;
				GCC_PREPROCESSOR_DEFINITIONS = (
					"DEBUG=1",
					"$(inherited)",
				);
				GCC_WARN_64_TO_32_BIT_CONVERSION = YES;
				GCC_WARN_ABOUT_RETURN_TYPE = YES_ERROR;
				GCC_WARN_UNDECLARED_SELECTOR = YES;
				GCC_WARN_UNINITIALIZED_AUTOS = YES_AGGRESSIVE;
				GCC_WARN_UNUSED_FUNCTION = YES;
				GCC_WARN_UNUSED_VARIABLE = YES;
				IPHONEOS_DEPLOYMENT_TARGET = 13.2;
				MTL_ENABLE_DEBUG_INFO = INCLUDE_SOURCE;
				MTL_FAST_MATH = YES;
				ONLY_ACTIVE_ARCH = YES;
				SDKROOT = iphoneos;
				SWIFT_ACTIVE_COMPILATION_CONDITIONS = DEBUG;
				SWIFT_OPTIMIZATION_LEVEL = "-Onone";
			};
			name = Debug;
		};
		1840696224684D3E00FC111F /* Release */ = {
			isa = XCBuildConfiguration;
			buildSettings = {
				ALWAYS_SEARCH_USER_PATHS = NO;
				CLANG_ANALYZER_NONNULL = YES;
				CLANG_ANALYZER_NUMBER_OBJECT_CONVERSION = YES_AGGRESSIVE;
				CLANG_CXX_LANGUAGE_STANDARD = "gnu++14";
				CLANG_CXX_LIBRARY = "libc++";
				CLANG_ENABLE_MODULES = YES;
				CLANG_ENABLE_OBJC_ARC = YES;
				CLANG_ENABLE_OBJC_WEAK = YES;
				CLANG_WARN_BLOCK_CAPTURE_AUTORELEASING = YES;
				CLANG_WARN_BOOL_CONVERSION = YES;
				CLANG_WARN_COMMA = YES;
				CLANG_WARN_CONSTANT_CONVERSION = YES;
				CLANG_WARN_DEPRECATED_OBJC_IMPLEMENTATIONS = YES;
				CLANG_WARN_DIRECT_OBJC_ISA_USAGE = YES_ERROR;
				CLANG_WARN_DOCUMENTATION_COMMENTS = YES;
				CLANG_WARN_EMPTY_BODY = YES;
				CLANG_WARN_ENUM_CONVERSION = YES;
				CLANG_WARN_INFINITE_RECURSION = YES;
				CLANG_WARN_INT_CONVERSION = YES;
				CLANG_WARN_NON_LITERAL_NULL_CONVERSION = YES;
				CLANG_WARN_OBJC_IMPLICIT_RETAIN_SELF = YES;
				CLANG_WARN_OBJC_LITERAL_CONVERSION = YES;
				CLANG_WARN_OBJC_ROOT_CLASS = YES_ERROR;
				CLANG_WARN_RANGE_LOOP_ANALYSIS = YES;
				CLANG_WARN_STRICT_PROTOTYPES = YES;
				CLANG_WARN_SUSPICIOUS_MOVE = YES;
				CLANG_WARN_UNGUARDED_AVAILABILITY = YES_AGGRESSIVE;
				CLANG_WARN_UNREACHABLE_CODE = YES;
				CLANG_WARN__DUPLICATE_METHOD_MATCH = YES;
				COPY_PHASE_STRIP = NO;
				DEBUG_INFORMATION_FORMAT = "dwarf-with-dsym";
				ENABLE_NS_ASSERTIONS = NO;
				ENABLE_STRICT_OBJC_MSGSEND = YES;
				GCC_C_LANGUAGE_STANDARD = gnu11;
				GCC_NO_COMMON_BLOCKS = YES;
				GCC_WARN_64_TO_32_BIT_CONVERSION = YES;
				GCC_WARN_ABOUT_RETURN_TYPE = YES_ERROR;
				GCC_WARN_UNDECLARED_SELECTOR = YES;
				GCC_WARN_UNINITIALIZED_AUTOS = YES_AGGRESSIVE;
				GCC_WARN_UNUSED_FUNCTION = YES;
				GCC_WARN_UNUSED_VARIABLE = YES;
				IPHONEOS_DEPLOYMENT_TARGET = 13.2;
				MTL_ENABLE_DEBUG_INFO = NO;
				MTL_FAST_MATH = YES;
				SDKROOT = iphoneos;
				SWIFT_COMPILATION_MODE = wholemodule;
				SWIFT_OPTIMIZATION_LEVEL = "-O";
				VALIDATE_PRODUCT = YES;
			};
			name = Release;
		};
		1840696424684D3E00FC111F /* Debug */ = {
			isa = XCBuildConfiguration;
			buildSettings = {
				ASSETCATALOG_COMPILER_APPICON_NAME = AppIcon;
				CODE_SIGN_STYLE = Automatic;
				DEVELOPMENT_TEAM = 62QT92WGA3;
				INFOPLIST_FILE = OnThaMap/Info.plist;
				LD_RUNPATH_SEARCH_PATHS = (
					"$(inherited)",
					"@executable_path/Frameworks",
				);
				PRODUCT_BUNDLE_IDENTIFIER = udacity.com.OnThaMap.OnThaMap;
				PRODUCT_NAME = "$(TARGET_NAME)";
				SWIFT_VERSION = 5.0;
				TARGETED_DEVICE_FAMILY = "1,2";
			};
			name = Debug;
		};
		1840696524684D3E00FC111F /* Release */ = {
			isa = XCBuildConfiguration;
			buildSettings = {
				ASSETCATALOG_COMPILER_APPICON_NAME = AppIcon;
				CODE_SIGN_STYLE = Automatic;
				DEVELOPMENT_TEAM = 62QT92WGA3;
				INFOPLIST_FILE = OnThaMap/Info.plist;
				LD_RUNPATH_SEARCH_PATHS = (
					"$(inherited)",
					"@executable_path/Frameworks",
				);
				PRODUCT_BUNDLE_IDENTIFIER = udacity.com.OnThaMap.OnThaMap;
				PRODUCT_NAME = "$(TARGET_NAME)";
				SWIFT_VERSION = 5.0;
				TARGETED_DEVICE_FAMILY = "1,2";
			};
			name = Release;
		};
		1840696724684D3E00FC111F /* Debug */ = {
			isa = XCBuildConfiguration;
			buildSettings = {
				ALWAYS_EMBED_SWIFT_STANDARD_LIBRARIES = YES;
				BUNDLE_LOADER = "$(TEST_HOST)";
				CODE_SIGN_STYLE = Automatic;
				DEVELOPMENT_TEAM = 62QT92WGA3;
				INFOPLIST_FILE = OnThaMapTests/Info.plist;
				IPHONEOS_DEPLOYMENT_TARGET = 13.2;
				LD_RUNPATH_SEARCH_PATHS = (
					"$(inherited)",
					"@executable_path/Frameworks",
					"@loader_path/Frameworks",
				);
				PRODUCT_BUNDLE_IDENTIFIER = udacity.com.OnThaMap.OnThaMapTests;
				PRODUCT_NAME = "$(TARGET_NAME)";
				SWIFT_VERSION = 5.0;
				TARGETED_DEVICE_FAMILY = "1,2";
				TEST_HOST = "$(BUILT_PRODUCTS_DIR)/OnThaMap.app/OnThaMap";
			};
			name = Debug;
		};
		1840696824684D3E00FC111F /* Release */ = {
			isa = XCBuildConfiguration;
			buildSettings = {
				ALWAYS_EMBED_SWIFT_STANDARD_LIBRARIES = YES;
				BUNDLE_LOADER = "$(TEST_HOST)";
				CODE_SIGN_STYLE = Automatic;
				DEVELOPMENT_TEAM = 62QT92WGA3;
				INFOPLIST_FILE = OnThaMapTests/Info.plist;
				IPHONEOS_DEPLOYMENT_TARGET = 13.2;
				LD_RUNPATH_SEARCH_PATHS = (
					"$(inherited)",
					"@executable_path/Frameworks",
					"@loader_path/Frameworks",
				);
				PRODUCT_BUNDLE_IDENTIFIER = udacity.com.OnThaMap.OnThaMapTests;
				PRODUCT_NAME = "$(TARGET_NAME)";
				SWIFT_VERSION = 5.0;
				TARGETED_DEVICE_FAMILY = "1,2";
				TEST_HOST = "$(BUILT_PRODUCTS_DIR)/OnThaMap.app/OnThaMap";
			};
			name = Release;
		};
		1840696A24684D3E00FC111F /* Debug */ = {
			isa = XCBuildConfiguration;
			buildSettings = {
				ALWAYS_EMBED_SWIFT_STANDARD_LIBRARIES = YES;
				CODE_SIGN_STYLE = Automatic;
				DEVELOPMENT_TEAM = 62QT92WGA3;
				INFOPLIST_FILE = OnThaMapUITests/Info.plist;
				LD_RUNPATH_SEARCH_PATHS = (
					"$(inherited)",
					"@executable_path/Frameworks",
					"@loader_path/Frameworks",
				);
				PRODUCT_BUNDLE_IDENTIFIER = udacity.com.OnThaMap.OnThaMapUITests;
				PRODUCT_NAME = "$(TARGET_NAME)";
				SWIFT_VERSION = 5.0;
				TARGETED_DEVICE_FAMILY = "1,2";
				TEST_TARGET_NAME = OnThaMap;
			};
			name = Debug;
		};
		1840696B24684D3E00FC111F /* Release */ = {
			isa = XCBuildConfiguration;
			buildSettings = {
				ALWAYS_EMBED_SWIFT_STANDARD_LIBRARIES = YES;
				CODE_SIGN_STYLE = Automatic;
				DEVELOPMENT_TEAM = 62QT92WGA3;
				INFOPLIST_FILE = OnThaMapUITests/Info.plist;
				LD_RUNPATH_SEARCH_PATHS = (
					"$(inherited)",
					"@executable_path/Frameworks",
					"@loader_path/Frameworks",
				);
				PRODUCT_BUNDLE_IDENTIFIER = udacity.com.OnThaMap.OnThaMapUITests;
				PRODUCT_NAME = "$(TARGET_NAME)";
				SWIFT_VERSION = 5.0;
				TARGETED_DEVICE_FAMILY = "1,2";
				TEST_TARGET_NAME = OnThaMap;
			};
			name = Release;
		};
/* End XCBuildConfiguration section */

/* Begin XCConfigurationList section */
		1840693424684D3B00FC111F /* Build configuration list for PBXProject "OnThaMap" */ = {
			isa = XCConfigurationList;
			buildConfigurations = (
				1840696124684D3E00FC111F /* Debug */,
				1840696224684D3E00FC111F /* Release */,
			);
			defaultConfigurationIsVisible = 0;
			defaultConfigurationName = Release;
		};
		1840696324684D3E00FC111F /* Build configuration list for PBXNativeTarget "OnThaMap" */ = {
			isa = XCConfigurationList;
			buildConfigurations = (
				1840696424684D3E00FC111F /* Debug */,
				1840696524684D3E00FC111F /* Release */,
			);
			defaultConfigurationIsVisible = 0;
			defaultConfigurationName = Release;
		};
		1840696624684D3E00FC111F /* Build configuration list for PBXNativeTarget "OnThaMapTests" */ = {
			isa = XCConfigurationList;
			buildConfigurations = (
				1840696724684D3E00FC111F /* Debug */,
				1840696824684D3E00FC111F /* Release */,
			);
			defaultConfigurationIsVisible = 0;
			defaultConfigurationName = Release;
		};
		1840696924684D3E00FC111F /* Build configuration list for PBXNativeTarget "OnThaMapUITests" */ = {
			isa = XCConfigurationList;
			buildConfigurations = (
				1840696A24684D3E00FC111F /* Debug */,
				1840696B24684D3E00FC111F /* Release */,
			);
			defaultConfigurationIsVisible = 0;
			defaultConfigurationName = Release;
		};
/* End XCConfigurationList section */
	};
	rootObject = 1840693124684D3B00FC111F /* Project object */;
}
